
Microsoft Visual Studio Solution File, Format Version 12.00
# Visual Studio Version 17
VisualStudioVersion = 17.1.32210.238
MinimumVisualStudioVersion = 10.0.40219.1
Project("{FAE04EC0-301F-11D3-BF4B-00C04F79EFBC}") = "Proyecto_Final", "Proyecto_Final\Proyecto_Final.csproj", "{AEBE6D04-E120-4BE7-AFEE-3B584EA8DDFB}"
EndProject
Global
	GlobalSection(SolutionConfigurationPlatforms) = preSolution
		Debug|Any CPU = Debug|Any CPU
		Release|Any CPU = Release|Any CPU
	EndGlobalSection
	GlobalSection(ProjectConfigurationPlatforms) = postSolution
		{AEBE6D04-E120-4BE7-AFEE-3B584EA8DDFB}.Debug|Any CPU.ActiveCfg = Debug|Any CPU
		{AEBE6D04-E120-4BE7-AFEE-3B584EA8DDFB}.Debug|Any CPU.Build.0 = Debug|Any CPU
		{AEBE6D04-E120-4BE7-AFEE-3B584EA8DDFB}.Release|Any CPU.ActiveCfg = Release|Any CPU
		{AEBE6D04-E120-4BE7-AFEE-3B584EA8DDFB}.Release|Any CPU.Build.0 = Release|Any CPU
	EndGlobalSection
	GlobalSection(SolutionProperties) = preSolution
		HideSolutionNode = FALSE
	EndGlobalSection
	GlobalSection(ExtensibilityGlobals) = postSolution
		SolutionGuid = {BA99AF4D-F514-4D40-8371-9AC0EFE29D26}
	EndGlobalSection
EndGlobal
